
Microsoft Visual Studio Solution File, Format Version 12.00
# Visual Studio Version 17
VisualStudioVersion = 17.5.002.0
MinimumVisualStudioVersion = 10.0.40219.1
Project("{2150E333-8FDC-42A3-9474-1A3956D46DE8}") = "sandbox", "sandbox", "{62715C1C-1BF5-491E-9EA1-1033F96B4DF4}"
EndProject
Project("{9A19103F-16F7-4668-BE54-9A1E7A4F7556}") = "sandbox_project", "sandbox\sandbox_project\sandbox_project.csproj", "{1E2F33E2-70EA-4A8C-BCAD-EB32ED8229FC}"
EndProject
Project("{2150E333-8FDC-42A3-9474-1A3956D46DE8}") = "week01", "week01", "{678AB113-F27C-45D7-BE0D-9794153DCF71}"
EndProject
Project("{9A19103F-16F7-4668-BE54-9A1E7A4F7556}") = "analyze", "week01\analyze\analyze.csproj", "{59504843-8A7D-483F-A890-F72B30EDCE96}"
EndProject
Project("{9A19103F-16F7-4668-BE54-9A1E7A4F7556}") = "code", "week01\code\code.csproj", "{3FEECBFB-C649-4B02-8FD1-90FDF0E36009}"
EndProject
Project("{9A19103F-16F7-4668-BE54-9A1E7A4F7556}") = "teach", "week01\teach\teach.csproj", "{5F700BDB-D06E-459C-AED1-3BFF25C6AF97}"
EndProject
Project("{2150E333-8FDC-42A3-9474-1A3956D46DE8}") = "week02", "week02", "{B5FC8D89-6B31-4DDE-9D4A-AD5858AB651B}"
EndProject
Project("{9A19103F-16F7-4668-BE54-9A1E7A4F7556}") = "analyze", "week02\analyze\analyze.csproj", "{02A451CA-D7DF-4EC7-8904-B412D5876F56}"
EndProject
Project("{9A19103F-16F7-4668-BE54-9A1E7A4F7556}") = "code", "week02\code\code.csproj", "{80FCF917-D098-4E7A-AFAE-EC91055D45E7}"
EndProject
Project("{9A19103F-16F7-4668-BE54-9A1E7A4F7556}") = "learn", "week02\learn\learn.csproj", "{56383C61-923D-4C20-82E2-579C737A1317}"
EndProject
Project("{9A19103F-16F7-4668-BE54-9A1E7A4F7556}") = "teach", "week02\teach\teach.csproj", "{A6CE8123-0C32-4B57-8BF7-CB47EC18975D}"
EndProject
Project("{2150E333-8FDC-42A3-9474-1A3956D46DE8}") = "week03", "week03", "{816D8DCD-961D-47B2-995C-50A63CA44990}"
EndProject
Project("{9A19103F-16F7-4668-BE54-9A1E7A4F7556}") = "code", "week03\code\code.csproj", "{F1190BDD-A522-4FE8-8AD0-3C948E94196F}"
EndProject
Project("{9A19103F-16F7-4668-BE54-9A1E7A4F7556}") = "learn", "week03\learn\learn.csproj", "{59562326-49E7-4C65-B428-4429210E8A2D}"
EndProject
Project("{9A19103F-16F7-4668-BE54-9A1E7A4F7556}") = "teach", "week03\teach\teach.csproj", "{0305A3C7-E161-431B-ACBA-27940BEA191C}"
EndProject
Project("{2150E333-8FDC-42A3-9474-1A3956D46DE8}") = "week04", "week04", "{36E81B02-8E44-441A-B138-2326E665A0EA}"
EndProject
Project("{9A19103F-16F7-4668-BE54-9A1E7A4F7556}") = "code", "week04\code\code.csproj", "{A954202C-C4B0-484A-BCAF-54DA44CE0F9F}"
EndProject
Project("{2150E333-8FDC-42A3-9474-1A3956D46DE8}") = "week05", "week05", "{C6DFD404-8F67-45E9-AB08-6467FDAA0B91}"
EndProject
Project("{9A19103F-16F7-4668-BE54-9A1E7A4F7556}") = "code", "week05\code\code.csproj", "{9B6E509F-B678-4991-9E43-0690721DDCB4}"
EndProject
Project("{2150E333-8FDC-42A3-9474-1A3956D46DE8}") = "week06", "week06", "{FEDDF7DB-1A34-42FC-A0DB-1B53ABB08440}"
EndProject
Project("{9A19103F-16F7-4668-BE54-9A1E7A4F7556}") = "code", "week06\code\code.csproj", "{B4577AB9-B3AE-4F96-B285-C644C165CFD9}"
EndProject
Global
	GlobalSection(SolutionConfigurationPlatforms) = preSolution
		Debug|Any CPU = Debug|Any CPU
		Release|Any CPU = Release|Any CPU
	EndGlobalSection
	GlobalSection(ProjectConfigurationPlatforms) = postSolution
		{1E2F33E2-70EA-4A8C-BCAD-EB32ED8229FC}.Debug|Any CPU.ActiveCfg = Debug|Any CPU
		{1E2F33E2-70EA-4A8C-BCAD-EB32ED8229FC}.Debug|Any CPU.Build.0 = Debug|Any CPU
		{1E2F33E2-70EA-4A8C-BCAD-EB32ED8229FC}.Release|Any CPU.ActiveCfg = Release|Any CPU
		{1E2F33E2-70EA-4A8C-BCAD-EB32ED8229FC}.Release|Any CPU.Build.0 = Release|Any CPU
		{59504843-8A7D-483F-A890-F72B30EDCE96}.Debug|Any CPU.ActiveCfg = Debug|Any CPU
		{59504843-8A7D-483F-A890-F72B30EDCE96}.Debug|Any CPU.Build.0 = Debug|Any CPU
		{59504843-8A7D-483F-A890-F72B30EDCE96}.Release|Any CPU.ActiveCfg = Release|Any CPU
		{59504843-8A7D-483F-A890-F72B30EDCE96}.Release|Any CPU.Build.0 = Release|Any CPU
		{3FEECBFB-C649-4B02-8FD1-90FDF0E36009}.Debug|Any CPU.ActiveCfg = Debug|Any CPU
		{3FEECBFB-C649-4B02-8FD1-90FDF0E36009}.Debug|Any CPU.Build.0 = Debug|Any CPU
		{3FEECBFB-C649-4B02-8FD1-90FDF0E36009}.Release|Any CPU.ActiveCfg = Release|Any CPU
		{3FEECBFB-C649-4B02-8FD1-90FDF0E36009}.Release|Any CPU.Build.0 = Release|Any CPU
		{5F700BDB-D06E-459C-AED1-3BFF25C6AF97}.Debug|Any CPU.ActiveCfg = Debug|Any CPU
		{5F700BDB-D06E-459C-AED1-3BFF25C6AF97}.Debug|Any CPU.Build.0 = Debug|Any CPU
		{5F700BDB-D06E-459C-AED1-3BFF25C6AF97}.Release|Any CPU.ActiveCfg = Release|Any CPU
		{5F700BDB-D06E-459C-AED1-3BFF25C6AF97}.Release|Any CPU.Build.0 = Release|Any CPU
		{02A451CA-D7DF-4EC7-8904-B412D5876F56}.Debug|Any CPU.ActiveCfg = Debug|Any CPU
		{02A451CA-D7DF-4EC7-8904-B412D5876F56}.Debug|Any CPU.Build.0 = Debug|Any CPU
		{02A451CA-D7DF-4EC7-8904-B412D5876F56}.Release|Any CPU.ActiveCfg = Release|Any CPU
		{02A451CA-D7DF-4EC7-8904-B412D5876F56}.Release|Any CPU.Build.0 = Release|Any CPU
		{80FCF917-D098-4E7A-AFAE-EC91055D45E7}.Debug|Any CPU.ActiveCfg = Debug|Any CPU
		{80FCF917-D098-4E7A-AFAE-EC91055D45E7}.Debug|Any CPU.Build.0 = Debug|Any CPU
		{80FCF917-D098-4E7A-AFAE-EC91055D45E7}.Release|Any CPU.ActiveCfg = Release|Any CPU
		{80FCF917-D098-4E7A-AFAE-EC91055D45E7}.Release|Any CPU.Build.0 = Release|Any CPU
		{56383C61-923D-4C20-82E2-579C737A1317}.Debug|Any CPU.ActiveCfg = Debug|Any CPU
		{56383C61-923D-4C20-82E2-579C737A1317}.Debug|Any CPU.Build.0 = Debug|Any CPU
		{56383C61-923D-4C20-82E2-579C737A1317}.Release|Any CPU.ActiveCfg = Release|Any CPU
		{56383C61-923D-4C20-82E2-579C737A1317}.Release|Any CPU.Build.0 = Release|Any CPU
		{A6CE8123-0C32-4B57-8BF7-CB47EC18975D}.Debug|Any CPU.ActiveCfg = Debug|Any CPU
		{A6CE8123-0C32-4B57-8BF7-CB47EC18975D}.Debug|Any CPU.Build.0 = Debug|Any CPU
		{A6CE8123-0C32-4B57-8BF7-CB47EC18975D}.Release|Any CPU.ActiveCfg = Release|Any CPU
		{A6CE8123-0C32-4B57-8BF7-CB47EC18975D}.Release|Any CPU.Build.0 = Release|Any CPU
		{F1190BDD-A522-4FE8-8AD0-3C948E94196F}.Debug|Any CPU.ActiveCfg = Debug|Any CPU
		{F1190BDD-A522-4FE8-8AD0-3C948E94196F}.Debug|Any CPU.Build.0 = Debug|Any CPU
		{F1190BDD-A522-4FE8-8AD0-3C948E94196F}.Release|Any CPU.ActiveCfg = Release|Any CPU
		{F1190BDD-A522-4FE8-8AD0-3C948E94196F}.Release|Any CPU.Build.0 = Release|Any CPU
		{59562326-49E7-4C65-B428-4429210E8A2D}.Debug|Any CPU.ActiveCfg = Debug|Any CPU
		{59562326-49E7-4C65-B428-4429210E8A2D}.Debug|Any CPU.Build.0 = Debug|Any CPU
		{59562326-49E7-4C65-B428-4429210E8A2D}.Release|Any CPU.ActiveCfg = Release|Any CPU
		{59562326-49E7-4C65-B428-4429210E8A2D}.Release|Any CPU.Build.0 = Release|Any CPU
		{0305A3C7-E161-431B-ACBA-27940BEA191C}.Debug|Any CPU.ActiveCfg = Debug|Any CPU
		{0305A3C7-E161-431B-ACBA-27940BEA191C}.Debug|Any CPU.Build.0 = Debug|Any CPU
		{0305A3C7-E161-431B-ACBA-27940BEA191C}.Release|Any CPU.ActiveCfg = Release|Any CPU
		{0305A3C7-E161-431B-ACBA-27940BEA191C}.Release|Any CPU.Build.0 = Release|Any CPU
		{A954202C-C4B0-484A-BCAF-54DA44CE0F9F}.Debug|Any CPU.ActiveCfg = Debug|Any CPU
		{A954202C-C4B0-484A-BCAF-54DA44CE0F9F}.Debug|Any CPU.Build.0 = Debug|Any CPU
		{A954202C-C4B0-484A-BCAF-54DA44CE0F9F}.Release|Any CPU.ActiveCfg = Release|Any CPU
		{A954202C-C4B0-484A-BCAF-54DA44CE0F9F}.Release|Any CPU.Build.0 = Release|Any CPU
		{9B6E509F-B678-4991-9E43-0690721DDCB4}.Debug|Any CPU.ActiveCfg = Debug|Any CPU
		{9B6E509F-B678-4991-9E43-0690721DDCB4}.Debug|Any CPU.Build.0 = Debug|Any CPU
		{9B6E509F-B678-4991-9E43-0690721DDCB4}.Release|Any CPU.ActiveCfg = Release|Any CPU
		{9B6E509F-B678-4991-9E43-0690721DDCB4}.Release|Any CPU.Build.0 = Release|Any CPU
		{B4577AB9-B3AE-4F96-B285-C644C165CFD9}.Debug|Any CPU.ActiveCfg = Debug|Any CPU
		{B4577AB9-B3AE-4F96-B285-C644C165CFD9}.Debug|Any CPU.Build.0 = Debug|Any CPU
		{B4577AB9-B3AE-4F96-B285-C644C165CFD9}.Release|Any CPU.ActiveCfg = Release|Any CPU
		{B4577AB9-B3AE-4F96-B285-C644C165CFD9}.Release|Any CPU.Build.0 = Release|Any CPU
	EndGlobalSection
	GlobalSection(SolutionProperties) = preSolution
		HideSolutionNode = FALSE
	EndGlobalSection
	GlobalSection(NestedProjects) = preSolution
		{1E2F33E2-70EA-4A8C-BCAD-EB32ED8229FC} = {62715C1C-1BF5-491E-9EA1-1033F96B4DF4}
		{59504843-8A7D-483F-A890-F72B30EDCE96} = {678AB113-F27C-45D7-BE0D-9794153DCF71}
		{3FEECBFB-C649-4B02-8FD1-90FDF0E36009} = {678AB113-F27C-45D7-BE0D-9794153DCF71}
		{5F700BDB-D06E-459C-AED1-3BFF25C6AF97} = {678AB113-F27C-45D7-BE0D-9794153DCF71}
		{02A451CA-D7DF-4EC7-8904-B412D5876F56} = {B5FC8D89-6B31-4DDE-9D4A-AD5858AB651B}
		{80FCF917-D098-4E7A-AFAE-EC91055D45E7} = {B5FC8D89-6B31-4DDE-9D4A-AD5858AB651B}
		{56383C61-923D-4C20-82E2-579C737A1317} = {B5FC8D89-6B31-4DDE-9D4A-AD5858AB651B}
		{A6CE8123-0C32-4B57-8BF7-CB47EC18975D} = {B5FC8D89-6B31-4DDE-9D4A-AD5858AB651B}
		{F1190BDD-A522-4FE8-8AD0-3C948E94196F} = {816D8DCD-961D-47B2-995C-50A63CA44990}
		{59562326-49E7-4C65-B428-4429210E8A2D} = {816D8DCD-961D-47B2-995C-50A63CA44990}
		{0305A3C7-E161-431B-ACBA-27940BEA191C} = {816D8DCD-961D-47B2-995C-50A63CA44990}
		{A954202C-C4B0-484A-BCAF-54DA44CE0F9F} = {36E81B02-8E44-441A-B138-2326E665A0EA}
		{9B6E509F-B678-4991-9E43-0690721DDCB4} = {C6DFD404-8F67-45E9-AB08-6467FDAA0B91}
		{B4577AB9-B3AE-4F96-B285-C644C165CFD9} = {FEDDF7DB-1A34-42FC-A0DB-1B53ABB08440}
	EndGlobalSection
	GlobalSection(ExtensibilityGlobals) = postSolution
		SolutionGuid = {F76D3E1E-A27B-42B7-B2EB-AEC872047DB7}
	EndGlobalSection
EndGlobal
